
Microsoft Visual Studio Solution File, Format Version 12.00
# Visual Studio Version 17
VisualStudioVersion = 17.3.32804.467
MinimumVisualStudioVersion = 10.0.40219.1
Project("{FAE04EC0-301F-11D3-BF4B-00C04F79EFBC}") = "Talentech.Workshop.ELK.Lesson2", "Talentech.Workshop.ELK.Lesson2\Talentech.Workshop.ELK.Lesson2.csproj", "{20C90EAE-E8B4-496E-B289-2FE08FEFD7B4}"
EndProject
Global
	GlobalSection(SolutionConfigurationPlatforms) = preSolution
		Debug|Any CPU = Debug|Any CPU
		Release|Any CPU = Release|Any CPU
	EndGlobalSection
	GlobalSection(ProjectConfigurationPlatforms) = postSolution
		{20C90EAE-E8B4-496E-B289-2FE08FEFD7B4}.Debug|Any CPU.ActiveCfg = Debug|Any CPU
		{20C90EAE-E8B4-496E-B289-2FE08FEFD7B4}.Debug|Any CPU.Build.0 = Debug|Any CPU
		{20C90EAE-E8B4-496E-B289-2FE08FEFD7B4}.Release|Any CPU.ActiveCfg = Release|Any CPU
		{20C90EAE-E8B4-496E-B289-2FE08FEFD7B4}.Release|Any CPU.Build.0 = Release|Any CPU
	EndGlobalSection
	GlobalSection(SolutionProperties) = preSolution
		HideSolutionNode = FALSE
	EndGlobalSection
	GlobalSection(ExtensibilityGlobals) = postSolution
		SolutionGuid = {A9D2F276-40B5-43B3-97DF-E84524AA20E9}
	EndGlobalSection
EndGlobal
